// !$*UTF8*$!
{
	archiveVersion = 1;
	classes = {
	};
	objectVersion = 50;
	objects = {

/* Begin PBXBuildFile section */
		F14398152296D4F00000F1A1 /* ToDoTableViewController.swift in Sources */ = {isa = PBXBuildFile; fileRef = F14398142296D4F00000F1A1 /* ToDoTableViewController.swift */; };
		F14918D8229C2B0C0003CFDA /* CalendarVars.swift in Sources */ = {isa = PBXBuildFile; fileRef = F14918D3229C2B0C0003CFDA /* CalendarVars.swift */; };
		F14918D9229C2B0C0003CFDA /* DateCollectionViewCell.swift in Sources */ = {isa = PBXBuildFile; fileRef = F14918D4229C2B0C0003CFDA /* DateCollectionViewCell.swift */; };
		F14918DB229C2B0C0003CFDA /* MonthlyViewController.swift in Sources */ = {isa = PBXBuildFile; fileRef = F14918D6229C2B0C0003CFDA /* MonthlyViewController.swift */; };
		F193341C2290FD1F00AAE71E /* AppDelegate.swift in Sources */ = {isa = PBXBuildFile; fileRef = F193341B2290FD1F00AAE71E /* AppDelegate.swift */; };
		F19334212290FD1F00AAE71E /* Main.storyboard in Resources */ = {isa = PBXBuildFile; fileRef = F193341F2290FD1F00AAE71E /* Main.storyboard */; };
		F19334242290FD1F00AAE71E /* PocketPlanner.xcdatamodeld in Sources */ = {isa = PBXBuildFile; fileRef = F19334222290FD1F00AAE71E /* PocketPlanner.xcdatamodeld */; };
		F19334262290FD2100AAE71E /* Assets.xcassets in Resources */ = {isa = PBXBuildFile; fileRef = F19334252290FD2100AAE71E /* Assets.xcassets */; };
		F19334292290FD2100AAE71E /* LaunchScreen.storyboard in Resources */ = {isa = PBXBuildFile; fileRef = F19334272290FD2100AAE71E /* LaunchScreen.storyboard */; };
		F1CC21292295AA2900D8C088 /* ToDo.swift in Sources */ = {isa = PBXBuildFile; fileRef = F1CC21282295AA2900D8C088 /* ToDo.swift */; };
		F1CC212B2295AAA200D8C088 /* ToDoCell.swift in Sources */ = {isa = PBXBuildFile; fileRef = F1CC212A2295AAA200D8C088 /* ToDoCell.swift */; };
		F1CC212D2295B9B100D8C088 /* ToDoViewController.swift in Sources */ = {isa = PBXBuildFile; fileRef = F1CC212C2295B9B100D8C088 /* ToDoViewController.swift */; };
/* End PBXBuildFile section */

/* Begin PBXFileReference section */
		F14398142296D4F00000F1A1 /* ToDoTableViewController.swift */ = {isa = PBXFileReference; lastKnownFileType = sourcecode.swift; path = ToDoTableViewController.swift; sourceTree = "<group>"; };
		F14918D3229C2B0C0003CFDA /* CalendarVars.swift */ = {isa = PBXFileReference; fileEncoding = 4; lastKnownFileType = sourcecode.swift; path = CalendarVars.swift; sourceTree = "<group>"; };
		F14918D4229C2B0C0003CFDA /* DateCollectionViewCell.swift */ = {isa = PBXFileReference; fileEncoding = 4; lastKnownFileType = sourcecode.swift; path = DateCollectionViewCell.swift; sourceTree = "<group>"; };
		F14918D6229C2B0C0003CFDA /* MonthlyViewController.swift */ = {isa = PBXFileReference; fileEncoding = 4; lastKnownFileType = sourcecode.swift; path = MonthlyViewController.swift; sourceTree = "<group>"; };
		F19334182290FD1F00AAE71E /* PocketPlanner.app */ = {isa = PBXFileReference; explicitFileType = wrapper.application; includeInIndex = 0; path = PocketPlanner.app; sourceTree = BUILT_PRODUCTS_DIR; };
		F193341B2290FD1F00AAE71E /* AppDelegate.swift */ = {isa = PBXFileReference; lastKnownFileType = sourcecode.swift; path = AppDelegate.swift; sourceTree = "<group>"; };
		F19334202290FD1F00AAE71E /* Base */ = {isa = PBXFileReference; lastKnownFileType = file.storyboard; name = Base; path = Base.lproj/Main.storyboard; sourceTree = "<group>"; };
		F19334232290FD1F00AAE71E /* PocketPlanner.xcdatamodel */ = {isa = PBXFileReference; lastKnownFileType = wrapper.xcdatamodel; path = PocketPlanner.xcdatamodel; sourceTree = "<group>"; };
		F19334252290FD2100AAE71E /* Assets.xcassets */ = {isa = PBXFileReference; lastKnownFileType = folder.assetcatalog; path = Assets.xcassets; sourceTree = "<group>"; };
		F19334282290FD2100AAE71E /* Base */ = {isa = PBXFileReference; lastKnownFileType = file.storyboard; name = Base; path = Base.lproj/LaunchScreen.storyboard; sourceTree = "<group>"; };
		F193342A2290FD2100AAE71E /* Info.plist */ = {isa = PBXFileReference; lastKnownFileType = text.plist.xml; path = Info.plist; sourceTree = "<group>"; };
		F1CC21282295AA2900D8C088 /* ToDo.swift */ = {isa = PBXFileReference; lastKnownFileType = sourcecode.swift; path = ToDo.swift; sourceTree = "<group>"; };
		F1CC212A2295AAA200D8C088 /* ToDoCell.swift */ = {isa = PBXFileReference; lastKnownFileType = sourcecode.swift; path = ToDoCell.swift; sourceTree = "<group>"; };
		F1CC212C2295B9B100D8C088 /* ToDoViewController.swift */ = {isa = PBXFileReference; lastKnownFileType = sourcecode.swift; path = ToDoViewController.swift; sourceTree = "<group>"; };
/* End PBXFileReference section */

/* Begin PBXFrameworksBuildPhase section */
		F19334152290FD1F00AAE71E /* Frameworks */ = {
			isa = PBXFrameworksBuildPhase;
			buildActionMask = 2147483647;
			files = (
			);
			runOnlyForDeploymentPostprocessing = 0;
		};
/* End PBXFrameworksBuildPhase section */

/* Begin PBXGroup section */
		F14E08BC2299CECE006F79D7 /* Task Table View  */ = {
			isa = PBXGroup;
			children = (
				F1CC212C2295B9B100D8C088 /* ToDoViewController.swift */,
				F14398142296D4F00000F1A1 /* ToDoTableViewController.swift */,
				F1CC21282295AA2900D8C088 /* ToDo.swift */,
				F1CC212A2295AAA200D8C088 /* ToDoCell.swift */,
			);
			path = "Task Table View ";
			sourceTree = "<group>";
		};
		F14E08BD2299D0A6006F79D7 /* Monthly Planner */ = {
			isa = PBXGroup;
			children = (
				F14918D3229C2B0C0003CFDA /* CalendarVars.swift */,
				F14918D4229C2B0C0003CFDA /* DateCollectionViewCell.swift */,
				F14918D6229C2B0C0003CFDA /* MonthlyViewController.swift */,
			);
			path = "Monthly Planner";
			sourceTree = "<group>";
		};
		F193340F2290FD1F00AAE71E = {
			isa = PBXGroup;
			children = (
				F193341A2290FD1F00AAE71E /* PocketPlanner */,
				F19334192290FD1F00AAE71E /* Products */,
			);
			sourceTree = "<group>";
		};
		F19334192290FD1F00AAE71E /* Products */ = {
			isa = PBXGroup;
			children = (
				F19334182290FD1F00AAE71E /* PocketPlanner.app */,
			);
			name = Products;
			sourceTree = "<group>";
		};
		F193341A2290FD1F00AAE71E /* PocketPlanner */ = {
			isa = PBXGroup;
			children = (
				F14E08BD2299D0A6006F79D7 /* Monthly Planner */,
				F14E08BC2299CECE006F79D7 /* Task Table View  */,
				F19334252290FD2100AAE71E /* Assets.xcassets */,
				F193341F2290FD1F00AAE71E /* Main.storyboard */,
				F19334272290FD2100AAE71E /* LaunchScreen.storyboard */,
				F193341B2290FD1F00AAE71E /* AppDelegate.swift */,
				F193342A2290FD2100AAE71E /* Info.plist */,
				F19334222290FD1F00AAE71E /* PocketPlanner.xcdatamodeld */,
			);
			path = PocketPlanner;
			sourceTree = "<group>";
		};
/* End PBXGroup section */

/* Begin PBXNativeTarget section */
		F19334172290FD1F00AAE71E /* PocketPlanner */ = {
			isa = PBXNativeTarget;
			buildConfigurationList = F193342D2290FD2100AAE71E /* Build configuration list for PBXNativeTarget "PocketPlanner" */;
			buildPhases = (
				F19334142290FD1F00AAE71E /* Sources */,
				F19334152290FD1F00AAE71E /* Frameworks */,
				F19334162290FD1F00AAE71E /* Resources */,
			);
			buildRules = (
			);
			dependencies = (
			);
			name = PocketPlanner;
			productName = PocketPlanner;
			productReference = F19334182290FD1F00AAE71E /* PocketPlanner.app */;
			productType = "com.apple.product-type.application";
		};
/* End PBXNativeTarget section */

/* Begin PBXProject section */
		F19334102290FD1F00AAE71E /* Project object */ = {
			isa = PBXProject;
			attributes = {
				LastSwiftUpdateCheck = 1020;
				LastUpgradeCheck = 1020;
				ORGANIZATIONNAME = Student04;
				TargetAttributes = {
					F19334172290FD1F00AAE71E = {
						CreatedOnToolsVersion = 10.2;
					};
				};
			};
			buildConfigurationList = F19334132290FD1F00AAE71E /* Build configuration list for PBXProject "PocketPlanner" */;
			compatibilityVersion = "Xcode 9.3";
			developmentRegion = en;
			hasScannedForEncodings = 0;
			knownRegions = (
				en,
				Base,
			);
			mainGroup = F193340F2290FD1F00AAE71E;
			productRefGroup = F19334192290FD1F00AAE71E /* Products */;
			projectDirPath = "";
			projectRoot = "";
			targets = (
				F19334172290FD1F00AAE71E /* PocketPlanner */,
			);
		};
/* End PBXProject section */

/* Begin PBXResourcesBuildPhase section */
		F19334162290FD1F00AAE71E /* Resources */ = {
			isa = PBXResourcesBuildPhase;
			buildActionMask = 2147483647;
			files = (
				F19334292290FD2100AAE71E /* LaunchScreen.storyboard in Resources */,
				F19334262290FD2100AAE71E /* Assets.xcassets in Resources */,
				F19334212290FD1F00AAE71E /* Main.storyboard in Resources */,
			);
			runOnlyForDeploymentPostprocessing = 0;
		};
/* End PBXResourcesBuildPhase section */

/* Begin PBXSourcesBuildPhase section */
		F19334142290FD1F00AAE71E /* Sources */ = {
			isa = PBXSourcesBuildPhase;
			buildActionMask = 2147483647;
			files = (
				F14918D8229C2B0C0003CFDA /* CalendarVars.swift in Sources */,
				F1CC21292295AA2900D8C088 /* ToDo.swift in Sources */,
				F14398152296D4F00000F1A1 /* ToDoTableViewController.swift in Sources */,
				F14918DB229C2B0C0003CFDA /* MonthlyViewController.swift in Sources */,
				F19334242290FD1F00AAE71E /* PocketPlanner.xcdatamodeld in Sources */,
				F14918D9229C2B0C0003CFDA /* DateCollectionViewCell.swift in Sources */,
				F193341C2290FD1F00AAE71E /* AppDelegate.swift in Sources */,
				F1CC212D2295B9B100D8C088 /* ToDoViewController.swift in Sources */,
				F1CC212B2295AAA200D8C088 /* ToDoCell.swift in Sources */,
			);
			runOnlyForDeploymentPostprocessing = 0;
		};
/* End PBXSourcesBuildPhase section */

/* Begin PBXVariantGroup section */
		F193341F2290FD1F00AAE71E /* Main.storyboard */ = {
			isa = PBXVariantGroup;
			children = (
				F19334202290FD1F00AAE71E /* Base */,
			);
			name = Main.storyboard;
			sourceTree = "<group>";
		};
		F19334272290FD2100AAE71E /* LaunchScreen.storyboard */ = {
			isa = PBXVariantGroup;
			children = (
				F19334282290FD2100AAE71E /* Base */,
			);
			name = LaunchScreen.storyboard;
			sourceTree = "<group>";
		};
/* End PBXVariantGroup section */

/* Begin XCBuildConfiguration section */
		F193342B2290FD2100AAE71E /* Debug */ = {
			isa = XCBuildConfiguration;
			buildSettings = {
				ALWAYS_SEARCH_USER_PATHS = NO;
				CLANG_ANALYZER_NONNULL = YES;
				CLANG_ANALYZER_NUMBER_OBJECT_CONVERSION = YES_AGGRESSIVE;
				CLANG_CXX_LANGUAGE_STANDARD = "gnu++14";
				CLANG_CXX_LIBRARY = "libc++";
				CLANG_ENABLE_MODULES = YES;
				CLANG_ENABLE_OBJC_ARC = YES;
				CLANG_ENABLE_OBJC_WEAK = YES;
				CLANG_WARN_BLOCK_CAPTURE_AUTORELEASING = YES;
				CLANG_WARN_BOOL_CONVERSION = YES;
				CLANG_WARN_COMMA = YES;
				CLANG_WARN_CONSTANT_CONVERSION = YES;
				CLANG_WARN_DEPRECATED_OBJC_IMPLEMENTATIONS = YES;
				CLANG_WARN_DIRECT_OBJC_ISA_USAGE = YES_ERROR;
				CLANG_WARN_DOCUMENTATION_COMMENTS = YES;
				CLANG_WARN_EMPTY_BODY = YES;
				CLANG_WARN_ENUM_CONVERSION = YES;
				CLANG_WARN_INFINITE_RECURSION = YES;
				CLANG_WARN_INT_CONVERSION = YES;
				CLANG_WARN_NON_LITERAL_NULL_CONVERSION = YES;
				CLANG_WARN_OBJC_IMPLICIT_RETAIN_SELF = YES;
				CLANG_WARN_OBJC_LITERAL_CONVERSION = YES;
				CLANG_WARN_OBJC_ROOT_CLASS = YES_ERROR;
				CLANG_WARN_RANGE_LOOP_ANALYSIS = YES;
				CLANG_WARN_STRICT_PROTOTYPES = YES;
				CLANG_WARN_SUSPICIOUS_MOVE = YES;
				CLANG_WARN_UNGUARDED_AVAILABILITY = YES_AGGRESSIVE;
				CLANG_WARN_UNREACHABLE_CODE = YES;
				CLANG_WARN__DUPLICATE_METHOD_MATCH = YES;
				CODE_SIGN_IDENTITY = "iPhone Developer";
				COPY_PHASE_STRIP = NO;
				DEBUG_INFORMATION_FORMAT = dwarf;
				ENABLE_STRICT_OBJC_MSGSEND = YES;
				ENABLE_TESTABILITY = YES;
				GCC_C_LANGUAGE_STANDARD = gnu11;
				GCC_DYNAMIC_NO_PIC = NO;
				GCC_NO_COMMON_BLOCKS = YES;
				GCC_OPTIMIZATION_LEVEL = 0;
				GCC_PREPROCESSOR_DEFINITIONS = (
					"DEBUG=1",
					"$(inherited)",
				);
				GCC_WARN_64_TO_32_BIT_CONVERSION = YES;
				GCC_WARN_ABOUT_RETURN_TYPE = YES_ERROR;
				GCC_WARN_UNDECLARED_SELECTOR = YES;
				GCC_WARN_UNINITIALIZED_AUTOS = YES_AGGRESSIVE;
				GCC_WARN_UNUSED_FUNCTION = YES;
				GCC_WARN_UNUSED_VARIABLE = YES;
				IPHONEOS_DEPLOYMENT_TARGET = 12.2;
				MTL_ENABLE_DEBUG_INFO = INCLUDE_SOURCE;
				MTL_FAST_MATH = YES;
				ONLY_ACTIVE_ARCH = YES;
				SDKROOT = iphoneos;
				SWIFT_ACTIVE_COMPILATION_CONDITIONS = DEBUG;
				SWIFT_OPTIMIZATION_LEVEL = "-Onone";
			};
			name = Debug;
		};
		F193342C2290FD2100AAE71E /* Release */ = {
			isa = XCBuildConfiguration;
			buildSettings = {
				ALWAYS_SEARCH_USER_PATHS = NO;
				CLANG_ANALYZER_NONNULL = YES;
				CLANG_ANALYZER_NUMBER_OBJECT_CONVERSION = YES_AGGRESSIVE;
				CLANG_CXX_LANGUAGE_STANDARD = "gnu++14";
				CLANG_CXX_LIBRARY = "libc++";
				CLANG_ENABLE_MODULES = YES;
				CLANG_ENABLE_OBJC_ARC = YES;
				CLANG_ENABLE_OBJC_WEAK = YES;
				CLANG_WARN_BLOCK_CAPTURE_AUTORELEASING = YES;
				CLANG_WARN_BOOL_CONVERSION = YES;
				CLANG_WARN_COMMA = YES;
				CLANG_WARN_CONSTANT_CONVERSION = YES;
				CLANG_WARN_DEPRECATED_OBJC_IMPLEMENTATIONS = YES;
				CLANG_WARN_DIRECT_OBJC_ISA_USAGE = YES_ERROR;
				CLANG_WARN_DOCUMENTATION_COMMENTS = YES;
				CLANG_WARN_EMPTY_BODY = YES;
				CLANG_WARN_ENUM_CONVERSION = YES;
				CLANG_WARN_INFINITE_RECURSION = YES;
				CLANG_WARN_INT_CONVERSION = YES;
				CLANG_WARN_NON_LITERAL_NULL_CONVERSION = YES;
				CLANG_WARN_OBJC_IMPLICIT_RETAIN_SELF = YES;
				CLANG_WARN_OBJC_LITERAL_CONVERSION = YES;
				CLANG_WARN_OBJC_ROOT_CLASS = YES_ERROR;
				CLANG_WARN_RANGE_LOOP_ANALYSIS = YES;
				CLANG_WARN_STRICT_PROTOTYPES = YES;
				CLANG_WARN_SUSPICIOUS_MOVE = YES;
				CLANG_WARN_UNGUARDED_AVAILABILITY = YES_AGGRESSIVE;
				CLANG_WARN_UNREACHABLE_CODE = YES;
				CLANG_WARN__DUPLICATE_METHOD_MATCH = YES;
				CODE_SIGN_IDENTITY = "iPhone Developer";
				COPY_PHASE_STRIP = NO;
				DEBUG_INFORMATION_FORMAT = "dwarf-with-dsym";
				ENABLE_NS_ASSERTIONS = NO;
				ENABLE_STRICT_OBJC_MSGSEND = YES;
				GCC_C_LANGUAGE_STANDARD = gnu11;
				GCC_NO_COMMON_BLOCKS = YES;
				GCC_WARN_64_TO_32_BIT_CONVERSION = YES;
				GCC_WARN_ABOUT_RETURN_TYPE = YES_ERROR;
				GCC_WARN_UNDECLARED_SELECTOR = YES;
				GCC_WARN_UNINITIALIZED_AUTOS = YES_AGGRESSIVE;
				GCC_WARN_UNUSED_FUNCTION = YES;
				GCC_WARN_UNUSED_VARIABLE = YES;
				IPHONEOS_DEPLOYMENT_TARGET = 12.2;
				MTL_ENABLE_DEBUG_INFO = NO;
				MTL_FAST_MATH = YES;
				SDKROOT = iphoneos;
				SWIFT_COMPILATION_MODE = wholemodule;
				SWIFT_OPTIMIZATION_LEVEL = "-O";
				VALIDATE_PRODUCT = YES;
			};
			name = Release;
		};
		F193342E2290FD2100AAE71E /* Debug */ = {
			isa = XCBuildConfiguration;
			buildSettings = {
				ASSETCATALOG_COMPILER_APPICON_NAME = AppIcon;
				CODE_SIGN_STYLE = Automatic;
				DEVELOPMENT_TEAM = UU8F92494A;
				INFOPLIST_FILE = PocketPlanner/Info.plist;
				LD_RUNPATH_SEARCH_PATHS = (
					"$(inherited)",
					"@executable_path/Frameworks",
				);
				PRODUCT_BUNDLE_IDENTIFIER = "com.example.PocketPlanner98960-";
				PRODUCT_NAME = "$(TARGET_NAME)";
				SWIFT_VERSION = 5.0;
				TARGETED_DEVICE_FAMILY = "1,2";
			};
			name = Debug;
		};
		F193342F2290FD2100AAE71E /* Release */ = {
			isa = XCBuildConfiguration;
			buildSettings = {
				ASSETCATALOG_COMPILER_APPICON_NAME = AppIcon;
				CODE_SIGN_STYLE = Automatic;
				DEVELOPMENT_TEAM = UU8F92494A;
				INFOPLIST_FILE = PocketPlanner/Info.plist;
				LD_RUNPATH_SEARCH_PATHS = (
					"$(inherited)",
					"@executable_path/Frameworks",
				);
				PRODUCT_BUNDLE_IDENTIFIER = "com.example.PocketPlanner98960-";
				PRODUCT_NAME = "$(TARGET_NAME)";
				SWIFT_VERSION = 5.0;
				TARGETED_DEVICE_FAMILY = "1,2";
			};
			name = Release;
		};
/* End XCBuildConfiguration section */

/* Begin XCConfigurationList section */
		F19334132290FD1F00AAE71E /* Build configuration list for PBXProject "PocketPlanner" */ = {
			isa = XCConfigurationList;
			buildConfigurations = (
				F193342B2290FD2100AAE71E /* Debug */,
				F193342C2290FD2100AAE71E /* Release */,
			);
			defaultConfigurationIsVisible = 0;
			defaultConfigurationName = Release;
		};
		F193342D2290FD2100AAE71E /* Build configuration list for PBXNativeTarget "PocketPlanner" */ = {
			isa = XCConfigurationList;
			buildConfigurations = (
				F193342E2290FD2100AAE71E /* Debug */,
				F193342F2290FD2100AAE71E /* Release */,
			);
			defaultConfigurationIsVisible = 0;
			defaultConfigurationName = Release;
		};
/* End XCConfigurationList section */

/* Begin XCVersionGroup section */
		F19334222290FD1F00AAE71E /* PocketPlanner.xcdatamodeld */ = {
			isa = XCVersionGroup;
			children = (
				F19334232290FD1F00AAE71E /* PocketPlanner.xcdatamodel */,
			);
			currentVersion = F19334232290FD1F00AAE71E /* PocketPlanner.xcdatamodel */;
			path = PocketPlanner.xcdatamodeld;
			sourceTree = "<group>";
			versionGroupType = wrapper.xcdatamodel;
		};
/* End XCVersionGroup section */
	};
	rootObject = F19334102290FD1F00AAE71E /* Project object */;
}
